# This file is generated by running "yarn install" inside your project.
# Manual changes might be lost - proceed with caution!

__metadata:
  version: 4
  cacheKey: 8

"@team581/tshirt-cannon@workspace:.":
  version: 0.0.0-use.local
  resolution: "@team581/tshirt-cannon@workspace:."
  dependencies:
    prettier: 2.3.0
    prettier-plugin-java: 1.1.1
  languageName: unknown
  linkType: soft

"chevrotain@npm:6.5.0":
  version: 6.5.0
  resolution: "chevrotain@npm:6.5.0"
  dependencies:
    regexp-to-ast: 0.4.0
  checksum: ce03cf3874ae1fd91bb57de753ea313442c7d1be04f59ab126c237062b51f5cb3204e9bdbb1b469973c96c1ce0850e83f909bee14a23bb88a0dbbd964e1c2a9e
  languageName: node
  linkType: hard

"java-parser@npm:1.1.1":
  version: 1.1.1
  resolution: "java-parser@npm:1.1.1"
  dependencies:
    chevrotain: 6.5.0
    lodash: 4.17.21
  checksum: 96e607f01760cf96f3da3253dc4c12018dd6b40a66d329516aea2407bf1b0b5229ab0bae28acf7517c4d30a5b5c6eb120f771dc73dea5b5836c2df4bc6781a2c
  languageName: node
  linkType: hard

"lodash@npm:4.17.21":
  version: 4.17.21
  resolution: "lodash@npm:4.17.21"
  checksum: eb835a2e51d381e561e508ce932ea50a8e5a68f4ebdd771ea240d3048244a8d13658acbd502cd4829768c56f2e16bdd4340b9ea141297d472517b83868e677f7
  languageName: node
  linkType: hard

"prettier-plugin-java@npm:1.1.1":
  version: 1.1.1
  resolution: "prettier-plugin-java@npm:1.1.1"
  dependencies:
    java-parser: 1.1.1
    lodash: 4.17.21
    prettier: 2.2.1
  checksum: d6b3b788e955192459f8ccc3913a74948477ecd37ea99ed45e3a1a22b93644cae2722324d71ab729c7bf680f5e292354789f10fe3bf5d353b2abc4371539e822
  languageName: node
  linkType: hard

"prettier@npm:2.2.1":
  version: 2.2.1
  resolution: "prettier@npm:2.2.1"
  bin:
    prettier: bin-prettier.js
  checksum: 800de2df3d37067ab24478c7f32c60ca0c57b01742133287829feeb4a70d239a7bf6bccb56196784777af591ad80fb9ba70c1a49b0fcecf9f5622a764d513edb
  languageName: node
  linkType: hard

"prettier@npm:2.3.0":
  version: 2.3.0
  resolution: "prettier@npm:2.3.0"
  bin:
    prettier: bin-prettier.js
  checksum: e8851a45f60f2994775f96e07964646c299b8a8f9c64da4fbd8efafc20db3458bdcedac79aed34e1d5477540b3aa04f6499adc4979cb7937f8ebd058a767d8ff
  languageName: node
  linkType: hard

"regexp-to-ast@npm:0.4.0":
  version: 0.4.0
  resolution: "regexp-to-ast@npm:0.4.0"
  checksum: 0f42d802b6259dcd442f79460d8764aa39165323098a6346aded67957816eb2d007ab09e6c674448425df8f721692258c87b51b1ce75c5df23b390dbb36056c0
  languageName: node
  linkType: hard
